
Microsoft Visual Studio Solution File, Format Version 12.00
# Visual Studio 15
VisualStudioVersion = 15.0.28307.852
MinimumVisualStudioVersion = 10.0.40219.1
Project("{FAE04EC0-301F-11D3-BF4B-00C04F79EFBC}") = "arrayManipulation", "arrayManipulation\arrayManipulation.csproj", "{E221166A-1D79-4306-849B-D92504578246}"
EndProject
Project("{FAE04EC0-301F-11D3-BF4B-00C04F79EFBC}") = "SpecialStringAgain", "SpecialStringAgain\SpecialStringAgain.csproj", "{FBBCB918-E6CE-453B-9AE5-CE824E34996C}"
EndProject
Project("{9A19103F-16F7-4668-BE54-9A1E7A4F7556}") = "Statistics", "Statistics\Statistics.csproj", "{2FBDE774-FEFA-4DE4-8F56-F0DD45225B16}"
EndProject
Project("{9A19103F-16F7-4668-BE54-9A1E7A4F7556}") = "Integral", "Integral\Integral.csproj", "{96CB0BD2-F7D0-4B1E-9373-7B3D5CCC5C42}"
EndProject
Project("{9A19103F-16F7-4668-BE54-9A1E7A4F7556}") = "IntegralTest", "IntegralTest\IntegralTest.csproj", "{96CAD395-2918-4325-830D-64D6D482127B}"
EndProject
Project("{FAE04EC0-301F-11D3-BF4B-00C04F79EFBC}") = "Mathematics", "Mathematics\Mathematics.csproj", "{6CDB0B54-34AE-4B7E-AC5F-628C81EF23CA}"
EndProject
Global
	GlobalSection(SolutionConfigurationPlatforms) = preSolution
		Debug|Any CPU = Debug|Any CPU
		Release|Any CPU = Release|Any CPU
	EndGlobalSection
	GlobalSection(ProjectConfigurationPlatforms) = postSolution
		{E221166A-1D79-4306-849B-D92504578246}.Debug|Any CPU.ActiveCfg = Debug|Any CPU
		{E221166A-1D79-4306-849B-D92504578246}.Debug|Any CPU.Build.0 = Debug|Any CPU
		{E221166A-1D79-4306-849B-D92504578246}.Release|Any CPU.ActiveCfg = Release|Any CPU
		{E221166A-1D79-4306-849B-D92504578246}.Release|Any CPU.Build.0 = Release|Any CPU
		{FBBCB918-E6CE-453B-9AE5-CE824E34996C}.Debug|Any CPU.ActiveCfg = Debug|Any CPU
		{FBBCB918-E6CE-453B-9AE5-CE824E34996C}.Debug|Any CPU.Build.0 = Debug|Any CPU
		{FBBCB918-E6CE-453B-9AE5-CE824E34996C}.Release|Any CPU.ActiveCfg = Release|Any CPU
		{FBBCB918-E6CE-453B-9AE5-CE824E34996C}.Release|Any CPU.Build.0 = Release|Any CPU
		{2FBDE774-FEFA-4DE4-8F56-F0DD45225B16}.Debug|Any CPU.ActiveCfg = Debug|Any CPU
		{2FBDE774-FEFA-4DE4-8F56-F0DD45225B16}.Debug|Any CPU.Build.0 = Debug|Any CPU
		{2FBDE774-FEFA-4DE4-8F56-F0DD45225B16}.Release|Any CPU.ActiveCfg = Release|Any CPU
		{2FBDE774-FEFA-4DE4-8F56-F0DD45225B16}.Release|Any CPU.Build.0 = Release|Any CPU
		{96CB0BD2-F7D0-4B1E-9373-7B3D5CCC5C42}.Debug|Any CPU.ActiveCfg = Debug|Any CPU
		{96CB0BD2-F7D0-4B1E-9373-7B3D5CCC5C42}.Debug|Any CPU.Build.0 = Debug|Any CPU
		{96CB0BD2-F7D0-4B1E-9373-7B3D5CCC5C42}.Release|Any CPU.ActiveCfg = Release|Any CPU
		{96CB0BD2-F7D0-4B1E-9373-7B3D5CCC5C42}.Release|Any CPU.Build.0 = Release|Any CPU
		{96CAD395-2918-4325-830D-64D6D482127B}.Debug|Any CPU.ActiveCfg = Debug|Any CPU
		{96CAD395-2918-4325-830D-64D6D482127B}.Debug|Any CPU.Build.0 = Debug|Any CPU
		{96CAD395-2918-4325-830D-64D6D482127B}.Release|Any CPU.ActiveCfg = Release|Any CPU
		{96CAD395-2918-4325-830D-64D6D482127B}.Release|Any CPU.Build.0 = Release|Any CPU
		{6CDB0B54-34AE-4B7E-AC5F-628C81EF23CA}.Debug|Any CPU.ActiveCfg = Debug|Any CPU
		{6CDB0B54-34AE-4B7E-AC5F-628C81EF23CA}.Debug|Any CPU.Build.0 = Debug|Any CPU
		{6CDB0B54-34AE-4B7E-AC5F-628C81EF23CA}.Release|Any CPU.ActiveCfg = Release|Any CPU
		{6CDB0B54-34AE-4B7E-AC5F-628C81EF23CA}.Release|Any CPU.Build.0 = Release|Any CPU
	EndGlobalSection
	GlobalSection(SolutionProperties) = preSolution
		HideSolutionNode = FALSE
	EndGlobalSection
	GlobalSection(ExtensibilityGlobals) = postSolution
		SolutionGuid = {F6BFAF58-439C-41A7-987C-F11362F44DCC}
	EndGlobalSection
EndGlobal
